
Microsoft Visual Studio Solution File, Format Version 12.00
# Visual Studio Version 17
VisualStudioVersion = 17.0.31903.59
MinimumVisualStudioVersion = 10.0.40219.1
Project("{FAE04EC0-301F-11D3-BF4B-00C04F79EFBC}") = "SmartStorage.API", "SmartStorage-API\SmartStorage.API.csproj", "{EDF395F8-172B-4B49-9D23-20ED880AD579}"
EndProject
Global
	GlobalSection(SolutionConfigurationPlatforms) = preSolution
		Debug|Any CPU = Debug|Any CPU
		Release|Any CPU = Release|Any CPU
	EndGlobalSection
	GlobalSection(ProjectConfigurationPlatforms) = postSolution
		{EDF395F8-172B-4B49-9D23-20ED880AD579}.Debug|Any CPU.ActiveCfg = Debug|Any CPU
		{EDF395F8-172B-4B49-9D23-20ED880AD579}.Debug|Any CPU.Build.0 = Debug|Any CPU
		{EDF395F8-172B-4B49-9D23-20ED880AD579}.Release|Any CPU.ActiveCfg = Release|Any CPU
		{EDF395F8-172B-4B49-9D23-20ED880AD579}.Release|Any CPU.Build.0 = Release|Any CPU
	EndGlobalSection
	GlobalSection(SolutionProperties) = preSolution
		HideSolutionNode = FALSE
	EndGlobalSection
	GlobalSection(ExtensibilityGlobals) = postSolution
		SolutionGuid = {E231896D-75C9-4080-8EA5-26E3B0047A80}
	EndGlobalSection
EndGlobal
